
Microsoft Visual Studio Solution File, Format Version 12.00
# Visual Studio Version 16
VisualStudioVersion = 16.0.30309.148
MinimumVisualStudioVersion = 10.0.40219.1
Project("{FAE04EC0-301F-11D3-BF4B-00C04F79EFBC}") = "Ejercicio1", "Ejercicio1.csproj", "{60C6D985-547A-4063-97DA-7BA54375D736}"
EndProject
Global
	GlobalSection(SolutionConfigurationPlatforms) = preSolution
		Debug|Any CPU = Debug|Any CPU
		Release|Any CPU = Release|Any CPU
	EndGlobalSection
	GlobalSection(ProjectConfigurationPlatforms) = postSolution
		{60C6D985-547A-4063-97DA-7BA54375D736}.Debug|Any CPU.ActiveCfg = Debug|Any CPU
		{60C6D985-547A-4063-97DA-7BA54375D736}.Debug|Any CPU.Build.0 = Debug|Any CPU
		{60C6D985-547A-4063-97DA-7BA54375D736}.Release|Any CPU.ActiveCfg = Release|Any CPU
		{60C6D985-547A-4063-97DA-7BA54375D736}.Release|Any CPU.Build.0 = Release|Any CPU
	EndGlobalSection
	GlobalSection(SolutionProperties) = preSolution
		HideSolutionNode = FALSE
	EndGlobalSection
	GlobalSection(ExtensibilityGlobals) = postSolution
		SolutionGuid = {993F1D67-B277-4448-9ACA-538BB158FB09}
	EndGlobalSection
EndGlobal
